
Microsoft Visual Studio Solution File, Format Version 12.00
# Visual Studio Version 17
VisualStudioVersion = 17.14.36310.24
MinimumVisualStudioVersion = 10.0.40219.1
Project("{2150E333-8FDC-42A3-9474-1A3956D46DE8}") = "Services", "Services", "{02EA681E-C7D8-13C7-8484-4AC65E1B71E8}"
EndProject
Project("{2150E333-8FDC-42A3-9474-1A3956D46DE8}") = "Catalog", "Catalog", "{C077AC34-E963-4E50-93E4-50F085FFF2A3}"
EndProject
Project("{FAE04EC0-301F-11D3-BF4B-00C04F79EFBC}") = "Catalog.API", "Services\Catalog\Catalog.API\Catalog.API.csproj", "{E0D4A02A-A492-4705-B39C-261F3D837218}"
EndProject
Project("{FAE04EC0-301F-11D3-BF4B-00C04F79EFBC}") = "Catalog.Application", "Services\Catalog\Catalog.Application\Catalog.Application.csproj", "{069CC79E-6DD5-4F8E-B902-A7023E5BB744}"
EndProject
Project("{FAE04EC0-301F-11D3-BF4B-00C04F79EFBC}") = "Catalog.Core", "Services\Catalog\Catalog.Core\Catalog.Core.csproj", "{933516A9-9F57-2D21-E1E7-AF9010E10C9E}"
EndProject
Project("{FAE04EC0-301F-11D3-BF4B-00C04F79EFBC}") = "Catalog.Infrastructure", "Services\Catalog\Catalog.Infrastructure\Catalog.Infrastructure.csproj", "{16468A74-CF1C-F71D-E8A6-9333559A2163}"
EndProject
Project("{E53339B2-1760-4266-BCC7-CA923CBCF16C}") = "docker-compose", "docker-compose.dcproj", "{81DDED9D-158B-E303-5F62-77A2896D2A5A}"
EndProject
Project("{2150E333-8FDC-42A3-9474-1A3956D46DE8}") = "Basket", "Basket", "{EF3832B1-FBA4-426E-AF66-A247DD023AE7}"
EndProject
Project("{FAE04EC0-301F-11D3-BF4B-00C04F79EFBC}") = "Basket.API", "Services\Basket\Basket.API\Basket.API.csproj", "{145A5D38-9B36-40B1-91AF-1A12921E041F}"
EndProject
Project("{FAE04EC0-301F-11D3-BF4B-00C04F79EFBC}") = "Basket.Core", "Services\Basket\Basket.Core\Basket.Core.csproj", "{70007FB6-E91A-42F7-BF50-7AB279D9254E}"
EndProject
Project("{FAE04EC0-301F-11D3-BF4B-00C04F79EFBC}") = "Basket.Application", "Services\Basket\Basket.Application\Basket.Application.csproj", "{8E161C68-05F4-4AE9-9A6E-6AB3B0E6BFBB}"
EndProject
Project("{FAE04EC0-301F-11D3-BF4B-00C04F79EFBC}") = "Basket.Infrastructure", "Services\Basket\Basket.Infrastructure\Basket.Infrastructure.csproj", "{F6C87AEA-F4D5-E7B4-D3FC-55EC7E362A16}"
EndProject
Project("{2150E333-8FDC-42A3-9474-1A3956D46DE8}") = "Discount", "Discount", "{7DC47FF1-15CC-4B8D-9155-9DBE94173C96}"
EndProject
Project("{FAE04EC0-301F-11D3-BF4B-00C04F79EFBC}") = "Discount.API", "Services\Discount\Discount.API\Discount.API.csproj", "{D9CB82CE-A658-4D32-B962-66E46FD5BE53}"
EndProject
Project("{FAE04EC0-301F-11D3-BF4B-00C04F79EFBC}") = "Discount.Application", "Services\Discount\Discount.Application\Discount.Application.csproj", "{645634EC-BE5A-4940-90B1-3A0D59E5DAB2}"
EndProject
Project("{FAE04EC0-301F-11D3-BF4B-00C04F79EFBC}") = "Discount.Core", "Services\Discount\Discount.Core\Discount.Core.csproj", "{06F20B5F-6EDF-45AE-A47D-3E06F456C084}"
EndProject
Project("{FAE04EC0-301F-11D3-BF4B-00C04F79EFBC}") = "Discount.Infrastructure", "Services\Discount\Discount.Infrastructure\Discount.Infrastructure.csproj", "{848B6BA7-CE61-4D3F-AB59-885A94572C26}"
EndProject
Project("{2150E333-8FDC-42A3-9474-1A3956D46DE8}") = "Ordering", "Ordering", "{91720AD1-2D66-48FF-9187-A9EC50E4EFD7}"
EndProject
Project("{FAE04EC0-301F-11D3-BF4B-00C04F79EFBC}") = "Ordering.API", "Services\Ordering\Ordering.API\Ordering.API.csproj", "{6DCA2584-EFCD-46DF-BD92-E017631D3C72}"
EndProject
Project("{FAE04EC0-301F-11D3-BF4B-00C04F79EFBC}") = "Ordering.Core", "Services\Ordering\Ordering.Core\Ordering.Core.csproj", "{7FB65280-EB9C-49DA-B14D-27B6F76CDF02}"
EndProject
Project("{FAE04EC0-301F-11D3-BF4B-00C04F79EFBC}") = "Ordering.Application", "Services\Ordering\Ordering.Application\Ordering.Application.csproj", "{96B64710-4F27-49BA-8513-CD21E5FD12EA}"
EndProject
Project("{FAE04EC0-301F-11D3-BF4B-00C04F79EFBC}") = "Ordering.Infrastructure", "Services\Ordering\Ordering.Infrastructure\Ordering.Infrastructure.csproj", "{3F2551D3-7F55-471A-AF8D-6753C45A6865}"
EndProject
Project("{2150E333-8FDC-42A3-9474-1A3956D46DE8}") = "Infrastructure", "Infrastructure", "{A6DBBD41-F175-48D9-B7C9-FF4226BE92DF}"
EndProject
Project("{FAE04EC0-301F-11D3-BF4B-00C04F79EFBC}") = "EventBus.Messages", "Infrastructure\EventBus.Messages\EventBus.Messages.csproj", "{6061B9D4-F5C5-46F7-80F4-496D939857DF}"
EndProject
Project("{FAE04EC0-301F-11D3-BF4B-00C04F79EFBC}") = "Common.Logging", "Infrastructure\Common.Logging\Common.Logging.csproj", "{6E373A1A-2395-4E28-A16D-501808D6B058}"
EndProject
Global
	GlobalSection(SolutionConfigurationPlatforms) = preSolution
		Debug|Any CPU = Debug|Any CPU
		Release|Any CPU = Release|Any CPU
	EndGlobalSection
	GlobalSection(ProjectConfigurationPlatforms) = postSolution
		{E0D4A02A-A492-4705-B39C-261F3D837218}.Debug|Any CPU.ActiveCfg = Debug|Any CPU
		{E0D4A02A-A492-4705-B39C-261F3D837218}.Debug|Any CPU.Build.0 = Debug|Any CPU
		{E0D4A02A-A492-4705-B39C-261F3D837218}.Release|Any CPU.ActiveCfg = Release|Any CPU
		{E0D4A02A-A492-4705-B39C-261F3D837218}.Release|Any CPU.Build.0 = Release|Any CPU
		{069CC79E-6DD5-4F8E-B902-A7023E5BB744}.Debug|Any CPU.ActiveCfg = Debug|Any CPU
		{069CC79E-6DD5-4F8E-B902-A7023E5BB744}.Debug|Any CPU.Build.0 = Debug|Any CPU
		{069CC79E-6DD5-4F8E-B902-A7023E5BB744}.Release|Any CPU.ActiveCfg = Release|Any CPU
		{069CC79E-6DD5-4F8E-B902-A7023E5BB744}.Release|Any CPU.Build.0 = Release|Any CPU
		{933516A9-9F57-2D21-E1E7-AF9010E10C9E}.Debug|Any CPU.ActiveCfg = Debug|Any CPU
		{933516A9-9F57-2D21-E1E7-AF9010E10C9E}.Debug|Any CPU.Build.0 = Debug|Any CPU
		{933516A9-9F57-2D21-E1E7-AF9010E10C9E}.Release|Any CPU.ActiveCfg = Release|Any CPU
		{933516A9-9F57-2D21-E1E7-AF9010E10C9E}.Release|Any CPU.Build.0 = Release|Any CPU
		{16468A74-CF1C-F71D-E8A6-9333559A2163}.Debug|Any CPU.ActiveCfg = Debug|Any CPU
		{16468A74-CF1C-F71D-E8A6-9333559A2163}.Debug|Any CPU.Build.0 = Debug|Any CPU
		{16468A74-CF1C-F71D-E8A6-9333559A2163}.Release|Any CPU.ActiveCfg = Release|Any CPU
		{16468A74-CF1C-F71D-E8A6-9333559A2163}.Release|Any CPU.Build.0 = Release|Any CPU
		{81DDED9D-158B-E303-5F62-77A2896D2A5A}.Debug|Any CPU.ActiveCfg = Debug|Any CPU
		{81DDED9D-158B-E303-5F62-77A2896D2A5A}.Debug|Any CPU.Build.0 = Debug|Any CPU
		{81DDED9D-158B-E303-5F62-77A2896D2A5A}.Release|Any CPU.ActiveCfg = Release|Any CPU
		{81DDED9D-158B-E303-5F62-77A2896D2A5A}.Release|Any CPU.Build.0 = Release|Any CPU
		{145A5D38-9B36-40B1-91AF-1A12921E041F}.Debug|Any CPU.ActiveCfg = Debug|Any CPU
		{145A5D38-9B36-40B1-91AF-1A12921E041F}.Debug|Any CPU.Build.0 = Debug|Any CPU
		{145A5D38-9B36-40B1-91AF-1A12921E041F}.Release|Any CPU.ActiveCfg = Release|Any CPU
		{145A5D38-9B36-40B1-91AF-1A12921E041F}.Release|Any CPU.Build.0 = Release|Any CPU
		{70007FB6-E91A-42F7-BF50-7AB279D9254E}.Debug|Any CPU.ActiveCfg = Debug|Any CPU
		{70007FB6-E91A-42F7-BF50-7AB279D9254E}.Debug|Any CPU.Build.0 = Debug|Any CPU
		{70007FB6-E91A-42F7-BF50-7AB279D9254E}.Release|Any CPU.ActiveCfg = Release|Any CPU
		{70007FB6-E91A-42F7-BF50-7AB279D9254E}.Release|Any CPU.Build.0 = Release|Any CPU
		{8E161C68-05F4-4AE9-9A6E-6AB3B0E6BFBB}.Debug|Any CPU.ActiveCfg = Debug|Any CPU
		{8E161C68-05F4-4AE9-9A6E-6AB3B0E6BFBB}.Debug|Any CPU.Build.0 = Debug|Any CPU
		{8E161C68-05F4-4AE9-9A6E-6AB3B0E6BFBB}.Release|Any CPU.ActiveCfg = Release|Any CPU
		{8E161C68-05F4-4AE9-9A6E-6AB3B0E6BFBB}.Release|Any CPU.Build.0 = Release|Any CPU
		{F6C87AEA-F4D5-E7B4-D3FC-55EC7E362A16}.Debug|Any CPU.ActiveCfg = Debug|Any CPU
		{F6C87AEA-F4D5-E7B4-D3FC-55EC7E362A16}.Debug|Any CPU.Build.0 = Debug|Any CPU
		{F6C87AEA-F4D5-E7B4-D3FC-55EC7E362A16}.Release|Any CPU.ActiveCfg = Release|Any CPU
		{F6C87AEA-F4D5-E7B4-D3FC-55EC7E362A16}.Release|Any CPU.Build.0 = Release|Any CPU
		{D9CB82CE-A658-4D32-B962-66E46FD5BE53}.Debug|Any CPU.ActiveCfg = Debug|Any CPU
		{D9CB82CE-A658-4D32-B962-66E46FD5BE53}.Debug|Any CPU.Build.0 = Debug|Any CPU
		{D9CB82CE-A658-4D32-B962-66E46FD5BE53}.Release|Any CPU.ActiveCfg = Release|Any CPU
		{D9CB82CE-A658-4D32-B962-66E46FD5BE53}.Release|Any CPU.Build.0 = Release|Any CPU
		{645634EC-BE5A-4940-90B1-3A0D59E5DAB2}.Debug|Any CPU.ActiveCfg = Debug|Any CPU
		{645634EC-BE5A-4940-90B1-3A0D59E5DAB2}.Debug|Any CPU.Build.0 = Debug|Any CPU
		{645634EC-BE5A-4940-90B1-3A0D59E5DAB2}.Release|Any CPU.ActiveCfg = Release|Any CPU
		{645634EC-BE5A-4940-90B1-3A0D59E5DAB2}.Release|Any CPU.Build.0 = Release|Any CPU
		{06F20B5F-6EDF-45AE-A47D-3E06F456C084}.Debug|Any CPU.ActiveCfg = Debug|Any CPU
		{06F20B5F-6EDF-45AE-A47D-3E06F456C084}.Debug|Any CPU.Build.0 = Debug|Any CPU
		{06F20B5F-6EDF-45AE-A47D-3E06F456C084}.Release|Any CPU.ActiveCfg = Release|Any CPU
		{06F20B5F-6EDF-45AE-A47D-3E06F456C084}.Release|Any CPU.Build.0 = Release|Any CPU
		{848B6BA7-CE61-4D3F-AB59-885A94572C26}.Debug|Any CPU.ActiveCfg = Debug|Any CPU
		{848B6BA7-CE61-4D3F-AB59-885A94572C26}.Debug|Any CPU.Build.0 = Debug|Any CPU
		{848B6BA7-CE61-4D3F-AB59-885A94572C26}.Release|Any CPU.ActiveCfg = Release|Any CPU
		{848B6BA7-CE61-4D3F-AB59-885A94572C26}.Release|Any CPU.Build.0 = Release|Any CPU
		{6DCA2584-EFCD-46DF-BD92-E017631D3C72}.Debug|Any CPU.ActiveCfg = Debug|Any CPU
		{6DCA2584-EFCD-46DF-BD92-E017631D3C72}.Debug|Any CPU.Build.0 = Debug|Any CPU
		{6DCA2584-EFCD-46DF-BD92-E017631D3C72}.Release|Any CPU.ActiveCfg = Release|Any CPU
		{6DCA2584-EFCD-46DF-BD92-E017631D3C72}.Release|Any CPU.Build.0 = Release|Any CPU
		{7FB65280-EB9C-49DA-B14D-27B6F76CDF02}.Debug|Any CPU.ActiveCfg = Debug|Any CPU
		{7FB65280-EB9C-49DA-B14D-27B6F76CDF02}.Debug|Any CPU.Build.0 = Debug|Any CPU
		{7FB65280-EB9C-49DA-B14D-27B6F76CDF02}.Release|Any CPU.ActiveCfg = Release|Any CPU
		{7FB65280-EB9C-49DA-B14D-27B6F76CDF02}.Release|Any CPU.Build.0 = Release|Any CPU
		{96B64710-4F27-49BA-8513-CD21E5FD12EA}.Debug|Any CPU.ActiveCfg = Debug|Any CPU
		{96B64710-4F27-49BA-8513-CD21E5FD12EA}.Debug|Any CPU.Build.0 = Debug|Any CPU
		{96B64710-4F27-49BA-8513-CD21E5FD12EA}.Release|Any CPU.ActiveCfg = Release|Any CPU
		{96B64710-4F27-49BA-8513-CD21E5FD12EA}.Release|Any CPU.Build.0 = Release|Any CPU
		{3F2551D3-7F55-471A-AF8D-6753C45A6865}.Debug|Any CPU.ActiveCfg = Debug|Any CPU
		{3F2551D3-7F55-471A-AF8D-6753C45A6865}.Debug|Any CPU.Build.0 = Debug|Any CPU
		{3F2551D3-7F55-471A-AF8D-6753C45A6865}.Release|Any CPU.ActiveCfg = Release|Any CPU
		{3F2551D3-7F55-471A-AF8D-6753C45A6865}.Release|Any CPU.Build.0 = Release|Any CPU
		{6061B9D4-F5C5-46F7-80F4-496D939857DF}.Debug|Any CPU.ActiveCfg = Debug|Any CPU
		{6061B9D4-F5C5-46F7-80F4-496D939857DF}.Debug|Any CPU.Build.0 = Debug|Any CPU
		{6061B9D4-F5C5-46F7-80F4-496D939857DF}.Release|Any CPU.ActiveCfg = Release|Any CPU
		{6061B9D4-F5C5-46F7-80F4-496D939857DF}.Release|Any CPU.Build.0 = Release|Any CPU
		{6E373A1A-2395-4E28-A16D-501808D6B058}.Debug|Any CPU.ActiveCfg = Debug|Any CPU
		{6E373A1A-2395-4E28-A16D-501808D6B058}.Debug|Any CPU.Build.0 = Debug|Any CPU
		{6E373A1A-2395-4E28-A16D-501808D6B058}.Release|Any CPU.ActiveCfg = Release|Any CPU
		{6E373A1A-2395-4E28-A16D-501808D6B058}.Release|Any CPU.Build.0 = Release|Any CPU
	EndGlobalSection
	GlobalSection(SolutionProperties) = preSolution
		HideSolutionNode = FALSE
	EndGlobalSection
	GlobalSection(NestedProjects) = preSolution
		{C077AC34-E963-4E50-93E4-50F085FFF2A3} = {02EA681E-C7D8-13C7-8484-4AC65E1B71E8}
		{E0D4A02A-A492-4705-B39C-261F3D837218} = {C077AC34-E963-4E50-93E4-50F085FFF2A3}
		{069CC79E-6DD5-4F8E-B902-A7023E5BB744} = {C077AC34-E963-4E50-93E4-50F085FFF2A3}
		{933516A9-9F57-2D21-E1E7-AF9010E10C9E} = {C077AC34-E963-4E50-93E4-50F085FFF2A3}
		{16468A74-CF1C-F71D-E8A6-9333559A2163} = {C077AC34-E963-4E50-93E4-50F085FFF2A3}
		{EF3832B1-FBA4-426E-AF66-A247DD023AE7} = {02EA681E-C7D8-13C7-8484-4AC65E1B71E8}
		{145A5D38-9B36-40B1-91AF-1A12921E041F} = {EF3832B1-FBA4-426E-AF66-A247DD023AE7}
		{70007FB6-E91A-42F7-BF50-7AB279D9254E} = {EF3832B1-FBA4-426E-AF66-A247DD023AE7}
		{8E161C68-05F4-4AE9-9A6E-6AB3B0E6BFBB} = {EF3832B1-FBA4-426E-AF66-A247DD023AE7}
		{F6C87AEA-F4D5-E7B4-D3FC-55EC7E362A16} = {EF3832B1-FBA4-426E-AF66-A247DD023AE7}
		{7DC47FF1-15CC-4B8D-9155-9DBE94173C96} = {02EA681E-C7D8-13C7-8484-4AC65E1B71E8}
		{D9CB82CE-A658-4D32-B962-66E46FD5BE53} = {7DC47FF1-15CC-4B8D-9155-9DBE94173C96}
		{645634EC-BE5A-4940-90B1-3A0D59E5DAB2} = {7DC47FF1-15CC-4B8D-9155-9DBE94173C96}
		{06F20B5F-6EDF-45AE-A47D-3E06F456C084} = {7DC47FF1-15CC-4B8D-9155-9DBE94173C96}
		{848B6BA7-CE61-4D3F-AB59-885A94572C26} = {7DC47FF1-15CC-4B8D-9155-9DBE94173C96}
		{91720AD1-2D66-48FF-9187-A9EC50E4EFD7} = {02EA681E-C7D8-13C7-8484-4AC65E1B71E8}
		{6DCA2584-EFCD-46DF-BD92-E017631D3C72} = {91720AD1-2D66-48FF-9187-A9EC50E4EFD7}
		{7FB65280-EB9C-49DA-B14D-27B6F76CDF02} = {91720AD1-2D66-48FF-9187-A9EC50E4EFD7}
		{96B64710-4F27-49BA-8513-CD21E5FD12EA} = {91720AD1-2D66-48FF-9187-A9EC50E4EFD7}
		{3F2551D3-7F55-471A-AF8D-6753C45A6865} = {91720AD1-2D66-48FF-9187-A9EC50E4EFD7}
		{6061B9D4-F5C5-46F7-80F4-496D939857DF} = {A6DBBD41-F175-48D9-B7C9-FF4226BE92DF}
		{6E373A1A-2395-4E28-A16D-501808D6B058} = {A6DBBD41-F175-48D9-B7C9-FF4226BE92DF}
	EndGlobalSection
	GlobalSection(ExtensibilityGlobals) = postSolution
		SolutionGuid = {A4396782-0AF1-4D82-AB22-804A631ECB8D}
	EndGlobalSection
EndGlobal
