
Microsoft Visual Studio Solution File, Format Version 12.00
# Visual Studio Version 17
VisualStudioVersion = 17.14.36310.24
MinimumVisualStudioVersion = 10.0.40219.1
Project("{2150E333-8FDC-42A3-9474-1A3956D46DE8}") = "Services", "Services", "{02EA681E-C7D8-13C7-8484-4AC65E1B71E8}"
EndProject
Project("{2150E333-8FDC-42A3-9474-1A3956D46DE8}") = "Catalog", "Catalog", "{C077AC34-E963-4E50-93E4-50F085FFF2A3}"
EndProject
Project("{FAE04EC0-301F-11D3-BF4B-00C04F79EFBC}") = "Catalog.API", "Services\Catalog\Catalog.API\Catalog.API.csproj", "{E0D4A02A-A492-4705-B39C-261F3D837218}"
EndProject
Project("{FAE04EC0-301F-11D3-BF4B-00C04F79EFBC}") = "Catalog.Application", "Services\Catalog\Catalog.Application\Catalog.Application.csproj", "{069CC79E-6DD5-4F8E-B902-A7023E5BB744}"
EndProject
Project("{FAE04EC0-301F-11D3-BF4B-00C04F79EFBC}") = "Catalog.Core", "Services\Catalog\Catalog.Core\Catalog.Core.csproj", "{933516A9-9F57-2D21-E1E7-AF9010E10C9E}"
EndProject
Project("{FAE04EC0-301F-11D3-BF4B-00C04F79EFBC}") = "Catalog.Infrastructure", "Services\Catalog\Catalog.Infrastructure\Catalog.Infrastructure.csproj", "{16468A74-CF1C-F71D-E8A6-9333559A2163}"
EndProject
Project("{E53339B2-1760-4266-BCC7-CA923CBCF16C}") = "docker-compose", "docker-compose.dcproj", "{81DDED9D-158B-E303-5F62-77A2896D2A5A}"
EndProject
Project("{2150E333-8FDC-42A3-9474-1A3956D46DE8}") = "Basket", "Basket", "{EF3832B1-FBA4-426E-AF66-A247DD023AE7}"
EndProject
Project("{FAE04EC0-301F-11D3-BF4B-00C04F79EFBC}") = "Basket.API", "Services\Basket\Basket.API\Basket.API.csproj", "{145A5D38-9B36-40B1-91AF-1A12921E041F}"
EndProject
Project("{FAE04EC0-301F-11D3-BF4B-00C04F79EFBC}") = "Basket.Core", "Services\Basket\Basket.Core\Basket.Core.csproj", "{70007FB6-E91A-42F7-BF50-7AB279D9254E}"
EndProject
Project("{FAE04EC0-301F-11D3-BF4B-00C04F79EFBC}") = "Basket.Application", "Services\Basket\Basket.Application\Basket.Application.csproj", "{8E161C68-05F4-4AE9-9A6E-6AB3B0E6BFBB}"
EndProject
Project("{FAE04EC0-301F-11D3-BF4B-00C04F79EFBC}") = "Basket.Infrastructure", "..\Basket.Infrastructure\Basket.Infrastructure.csproj", "{F921EA85-AFC8-4312-8CFE-B9F2D3EB048F}"
EndProject
Global
	GlobalSection(SolutionConfigurationPlatforms) = preSolution
		Debug|Any CPU = Debug|Any CPU
		Release|Any CPU = Release|Any CPU
	EndGlobalSection
	GlobalSection(ProjectConfigurationPlatforms) = postSolution
		{E0D4A02A-A492-4705-B39C-261F3D837218}.Debug|Any CPU.ActiveCfg = Debug|Any CPU
		{E0D4A02A-A492-4705-B39C-261F3D837218}.Debug|Any CPU.Build.0 = Debug|Any CPU
		{E0D4A02A-A492-4705-B39C-261F3D837218}.Release|Any CPU.ActiveCfg = Release|Any CPU
		{E0D4A02A-A492-4705-B39C-261F3D837218}.Release|Any CPU.Build.0 = Release|Any CPU
		{069CC79E-6DD5-4F8E-B902-A7023E5BB744}.Debug|Any CPU.ActiveCfg = Debug|Any CPU
		{069CC79E-6DD5-4F8E-B902-A7023E5BB744}.Debug|Any CPU.Build.0 = Debug|Any CPU
		{069CC79E-6DD5-4F8E-B902-A7023E5BB744}.Release|Any CPU.ActiveCfg = Release|Any CPU
		{069CC79E-6DD5-4F8E-B902-A7023E5BB744}.Release|Any CPU.Build.0 = Release|Any CPU
		{933516A9-9F57-2D21-E1E7-AF9010E10C9E}.Debug|Any CPU.ActiveCfg = Debug|Any CPU
		{933516A9-9F57-2D21-E1E7-AF9010E10C9E}.Debug|Any CPU.Build.0 = Debug|Any CPU
		{933516A9-9F57-2D21-E1E7-AF9010E10C9E}.Release|Any CPU.ActiveCfg = Release|Any CPU
		{933516A9-9F57-2D21-E1E7-AF9010E10C9E}.Release|Any CPU.Build.0 = Release|Any CPU
		{16468A74-CF1C-F71D-E8A6-9333559A2163}.Debug|Any CPU.ActiveCfg = Debug|Any CPU
		{16468A74-CF1C-F71D-E8A6-9333559A2163}.Debug|Any CPU.Build.0 = Debug|Any CPU
		{16468A74-CF1C-F71D-E8A6-9333559A2163}.Release|Any CPU.ActiveCfg = Release|Any CPU
		{16468A74-CF1C-F71D-E8A6-9333559A2163}.Release|Any CPU.Build.0 = Release|Any CPU
		{81DDED9D-158B-E303-5F62-77A2896D2A5A}.Debug|Any CPU.ActiveCfg = Debug|Any CPU
		{81DDED9D-158B-E303-5F62-77A2896D2A5A}.Debug|Any CPU.Build.0 = Debug|Any CPU
		{81DDED9D-158B-E303-5F62-77A2896D2A5A}.Release|Any CPU.ActiveCfg = Release|Any CPU
		{81DDED9D-158B-E303-5F62-77A2896D2A5A}.Release|Any CPU.Build.0 = Release|Any CPU
		{145A5D38-9B36-40B1-91AF-1A12921E041F}.Debug|Any CPU.ActiveCfg = Debug|Any CPU
		{145A5D38-9B36-40B1-91AF-1A12921E041F}.Debug|Any CPU.Build.0 = Debug|Any CPU
		{145A5D38-9B36-40B1-91AF-1A12921E041F}.Release|Any CPU.ActiveCfg = Release|Any CPU
		{145A5D38-9B36-40B1-91AF-1A12921E041F}.Release|Any CPU.Build.0 = Release|Any CPU
		{70007FB6-E91A-42F7-BF50-7AB279D9254E}.Debug|Any CPU.ActiveCfg = Debug|Any CPU
		{70007FB6-E91A-42F7-BF50-7AB279D9254E}.Debug|Any CPU.Build.0 = Debug|Any CPU
		{70007FB6-E91A-42F7-BF50-7AB279D9254E}.Release|Any CPU.ActiveCfg = Release|Any CPU
		{70007FB6-E91A-42F7-BF50-7AB279D9254E}.Release|Any CPU.Build.0 = Release|Any CPU
		{8E161C68-05F4-4AE9-9A6E-6AB3B0E6BFBB}.Debug|Any CPU.ActiveCfg = Debug|Any CPU
		{8E161C68-05F4-4AE9-9A6E-6AB3B0E6BFBB}.Debug|Any CPU.Build.0 = Debug|Any CPU
		{8E161C68-05F4-4AE9-9A6E-6AB3B0E6BFBB}.Release|Any CPU.ActiveCfg = Release|Any CPU
		{8E161C68-05F4-4AE9-9A6E-6AB3B0E6BFBB}.Release|Any CPU.Build.0 = Release|Any CPU
		{F921EA85-AFC8-4312-8CFE-B9F2D3EB048F}.Debug|Any CPU.ActiveCfg = Debug|Any CPU
		{F921EA85-AFC8-4312-8CFE-B9F2D3EB048F}.Debug|Any CPU.Build.0 = Debug|Any CPU
		{F921EA85-AFC8-4312-8CFE-B9F2D3EB048F}.Release|Any CPU.ActiveCfg = Release|Any CPU
		{F921EA85-AFC8-4312-8CFE-B9F2D3EB048F}.Release|Any CPU.Build.0 = Release|Any CPU
	EndGlobalSection
	GlobalSection(SolutionProperties) = preSolution
		HideSolutionNode = FALSE
	EndGlobalSection
	GlobalSection(NestedProjects) = preSolution
		{C077AC34-E963-4E50-93E4-50F085FFF2A3} = {02EA681E-C7D8-13C7-8484-4AC65E1B71E8}
		{E0D4A02A-A492-4705-B39C-261F3D837218} = {C077AC34-E963-4E50-93E4-50F085FFF2A3}
		{069CC79E-6DD5-4F8E-B902-A7023E5BB744} = {C077AC34-E963-4E50-93E4-50F085FFF2A3}
		{933516A9-9F57-2D21-E1E7-AF9010E10C9E} = {C077AC34-E963-4E50-93E4-50F085FFF2A3}
		{16468A74-CF1C-F71D-E8A6-9333559A2163} = {C077AC34-E963-4E50-93E4-50F085FFF2A3}
		{EF3832B1-FBA4-426E-AF66-A247DD023AE7} = {02EA681E-C7D8-13C7-8484-4AC65E1B71E8}
		{145A5D38-9B36-40B1-91AF-1A12921E041F} = {EF3832B1-FBA4-426E-AF66-A247DD023AE7}
		{70007FB6-E91A-42F7-BF50-7AB279D9254E} = {EF3832B1-FBA4-426E-AF66-A247DD023AE7}
		{8E161C68-05F4-4AE9-9A6E-6AB3B0E6BFBB} = {EF3832B1-FBA4-426E-AF66-A247DD023AE7}
		{F921EA85-AFC8-4312-8CFE-B9F2D3EB048F} = {EF3832B1-FBA4-426E-AF66-A247DD023AE7}
	EndGlobalSection
	GlobalSection(ExtensibilityGlobals) = postSolution
		SolutionGuid = {A4396782-0AF1-4D82-AB22-804A631ECB8D}
	EndGlobalSection
EndGlobal
